
Microsoft Visual Studio Solution File, Format Version 12.00
# Visual Studio Version 16
VisualStudioVersion = 16.0.29613.14
MinimumVisualStudioVersion = 10.0.40219.1
Project("{FAE04EC0-301F-11D3-BF4B-00C04F79EFBC}") = "DungeonSim", "DungeonSim\DungeonSim.csproj", "{DBC60F85-6349-4756-B139-CC97D3018E9F}"
EndProject
Project("{FAE04EC0-301F-11D3-BF4B-00C04F79EFBC}") = "DungeonTests", "DungeonTests\DungeonTests.csproj", "{B2181436-A23A-475D-B856-875591286515}"
EndProject
Global
	GlobalSection(SolutionConfigurationPlatforms) = preSolution
		Debug|Any CPU = Debug|Any CPU
		Release|Any CPU = Release|Any CPU
	EndGlobalSection
	GlobalSection(ProjectConfigurationPlatforms) = postSolution
		{DBC60F85-6349-4756-B139-CC97D3018E9F}.Debug|Any CPU.ActiveCfg = Debug|Any CPU
		{DBC60F85-6349-4756-B139-CC97D3018E9F}.Debug|Any CPU.Build.0 = Debug|Any CPU
		{DBC60F85-6349-4756-B139-CC97D3018E9F}.Release|Any CPU.ActiveCfg = Release|Any CPU
		{DBC60F85-6349-4756-B139-CC97D3018E9F}.Release|Any CPU.Build.0 = Release|Any CPU
		{B2181436-A23A-475D-B856-875591286515}.Debug|Any CPU.ActiveCfg = Debug|Any CPU
		{B2181436-A23A-475D-B856-875591286515}.Debug|Any CPU.Build.0 = Debug|Any CPU
		{B2181436-A23A-475D-B856-875591286515}.Release|Any CPU.ActiveCfg = Release|Any CPU
		{B2181436-A23A-475D-B856-875591286515}.Release|Any CPU.Build.0 = Release|Any CPU
	EndGlobalSection
	GlobalSection(SolutionProperties) = preSolution
		HideSolutionNode = FALSE
	EndGlobalSection
	GlobalSection(ExtensibilityGlobals) = postSolution
		SolutionGuid = {206598E8-251E-4513-B6A1-E5A8E5E55017}
	EndGlobalSection
EndGlobal
